
Microsoft Visual Studio Solution File, Format Version 12.00
# Visual Studio Version 16
VisualStudioVersion = 16.0.30413.136
MinimumVisualStudioVersion = 10.0.40219.1
Project("{888888A0-9F3D-457C-B088-3A5042F75D52}") = "3450962", "3450962\3450962.pyproj", "{3B573E71-EA8E-405F-B544-B022CB25AC14}"
EndProject
Global
	GlobalSection(SolutionConfigurationPlatforms) = preSolution
		Debug|Any CPU = Debug|Any CPU
		Release|Any CPU = Release|Any CPU
	EndGlobalSection
	GlobalSection(ProjectConfigurationPlatforms) = postSolution
		{3B573E71-EA8E-405F-B544-B022CB25AC14}.Debug|Any CPU.ActiveCfg = Debug|Any CPU
		{3B573E71-EA8E-405F-B544-B022CB25AC14}.Release|Any CPU.ActiveCfg = Release|Any CPU
	EndGlobalSection
	GlobalSection(SolutionProperties) = preSolution
		HideSolutionNode = FALSE
	EndGlobalSection
	GlobalSection(ExtensibilityGlobals) = postSolution
		SolutionGuid = {9DF9B9B3-7A3B-477B-9CD1-0CE5CA24C41B}
	EndGlobalSection
EndGlobal
